{
  "nodes": {
    "awked-packages": {
      "inputs": {
        "nixpkgs": [
          "nixpkgs"
        ]
      },
      "locked": {
        "lastModified": 1790116651,
        "narHash": "sha256-u8y/8gjJxABbUPo7r0ucXUXtyBoRFRlzy2lHajHhOx8=",
        "owner": "awked-com",
        "repo": "packages",
        "rev": "d83535ebaf12698e5ef86d030f7ea36b87dd42b3",
        "type": "github"
      },
      "original": {
        "owner": "awked-com",
        "repo": "packages",
        "type": "github"
      }
    },
    "nixpkgs": {
      "locked": {
        "lastModified": 1789921291,
        "narHash": "sha256-Ft/BRnIqw1MywFoXydKobjjWmDFgDdYtSpJliE8+yUw=",
        "owner": "NixOS",
        "repo": "nixpkgs",
        "rev": "44a91898084f46797b5fac650c7e8c9ac38c43d4",
        "type": "github"
      },
      "original": {
        "owner": "NixOS",
        "ref": "nixos-unstable",
        "repo": "nixpkgs",
        "type": "github"
      }
    },
    "root": {
      "inputs": {
        "awked-packages": "awked-packages",
        "nixpkgs": "nixpkgs"
      }
    }
  },
  "root": "root",
  "version": 7
}
